
Microsoft Visual Studio Solution File, Format Version 12.00
# Visual Studio 15
VisualStudioVersion = 15.0.35116.124
MinimumVisualStudioVersion = 10.0.40219.1
Project("{8BC9CEB8-8B4A-11D0-8D11-00A0C91BC942}") = "tetris", "tetris\tetris.vcxproj", "{92B9B65A-D994-4797-80AE-838CC060EA94}"
EndProject
Global
	GlobalSection(SolutionConfigurationPlatforms) = preSolution
		Debug|x64 = Debug|x64
		Debug|x86 = Debug|x86
		Release|x64 = Release|x64
		Release|x86 = Release|x86
	EndGlobalSection
	GlobalSection(ProjectConfigurationPlatforms) = postSolution
		{92B9B65A-D994-4797-80AE-838CC060EA94}.Debug|x64.ActiveCfg = Debug|x64
		{92B9B65A-D994-4797-80AE-838CC060EA94}.Debug|x64.Build.0 = Debug|x64
		{92B9B65A-D994-4797-80AE-838CC060EA94}.Debug|x86.ActiveCfg = Debug|Win32
		{92B9B65A-D994-4797-80AE-838CC060EA94}.Debug|x86.Build.0 = Debug|Win32
		{92B9B65A-D994-4797-80AE-838CC060EA94}.Release|x64.ActiveCfg = Release|x64
		{92B9B65A-D994-4797-80AE-838CC060EA94}.Release|x64.Build.0 = Release|x64
		{92B9B65A-D994-4797-80AE-838CC060EA94}.Release|x86.ActiveCfg = Release|Win32
		{92B9B65A-D994-4797-80AE-838CC060EA94}.Release|x86.Build.0 = Release|Win32
	EndGlobalSection
	GlobalSection(SolutionProperties) = preSolution
		HideSolutionNode = FALSE
	EndGlobalSection
	GlobalSection(ExtensibilityGlobals) = postSolution
		SolutionGuid = {90A7A70E-6500-4E19-8B91-281121C9F333}
	EndGlobalSection
EndGlobal
